
Microsoft Visual Studio Solution File, Format Version 12.00
# Visual Studio Version 17
VisualStudioVersion = 17.7.34018.315
MinimumVisualStudioVersion = 10.0.40219.1
Project("{FAE04EC0-301F-11D3-BF4B-00C04F79EFBC}") = "WinFormsEncryptionDES", "WinFormsEncryptionDES\WinFormsEncryptionDES.csproj", "{23DC806F-7309-4427-8C67-4D4A0DF13D41}"
EndProject
Global
	GlobalSection(SolutionConfigurationPlatforms) = preSolution
		Debug|Any CPU = Debug|Any CPU
		Release|Any CPU = Release|Any CPU
	EndGlobalSection
	GlobalSection(ProjectConfigurationPlatforms) = postSolution
		{23DC806F-7309-4427-8C67-4D4A0DF13D41}.Debug|Any CPU.ActiveCfg = Debug|Any CPU
		{23DC806F-7309-4427-8C67-4D4A0DF13D41}.Debug|Any CPU.Build.0 = Debug|Any CPU
		{23DC806F-7309-4427-8C67-4D4A0DF13D41}.Release|Any CPU.ActiveCfg = Release|Any CPU
		{23DC806F-7309-4427-8C67-4D4A0DF13D41}.Release|Any CPU.Build.0 = Release|Any CPU
	EndGlobalSection
	GlobalSection(SolutionProperties) = preSolution
		HideSolutionNode = FALSE
	EndGlobalSection
	GlobalSection(ExtensibilityGlobals) = postSolution
		SolutionGuid = {DB7FA3E8-750E-4EDB-B0A8-F73EF46BC464}
	EndGlobalSection
EndGlobal
